{
  "name": "bs-mostcore",
  "version": "0.1.0",
  "lockfileVersion": 1,
  "requires": true,
  "dependencies": {
    "@most/core": {
      "version": "1.2.0",
      "resolved": "https://registry.npmjs.org/@most/core/-/core-1.2.0.tgz",
      "integrity": "sha512-JhR2fBLqCbHMrqsySxJayRbjSx3uwqpGQi9SQtbvEUA16rIg2jIsYGAq1owCQdJBQyGXhsfUdKKQ1W0lBbcLdg==",
      "requires": {
        "@most/disposable": "1.1.0",
        "@most/prelude": "1.7.0",
        "@most/scheduler": "1.1.0",
        "@most/types": "1.0.0"
      }
    },
    "@most/disposable": {
      "version": "1.1.0",
      "resolved": "https://registry.npmjs.org/@most/disposable/-/disposable-1.1.0.tgz",
      "integrity": "sha512-pXHxssCXYcTG9OxoCHGA3X0R9Z3sNYe1Oxe1QezrYYZ4GDJFnY8OUjVZ7tu3x8Lbf4hYysCPGtCGYt5qp8WUpw==",
      "requires": {
        "@most/prelude": "1.7.0",
        "@most/types": "1.0.0"
      }
    },
    "@most/prelude": {
      "version": "1.7.0",
      "resolved": "https://registry.npmjs.org/@most/prelude/-/prelude-1.7.0.tgz",
      "integrity": "sha512-OlDCH0+u2/ro/AHeAg63zvbvCsQC930hSKC9Kc1qSev1JkWK8Yk0HDHJ4o62HSjPwWGXEUZG1WhQKQh4ypreGA=="
    },
    "@most/scheduler": {
      "version": "1.1.0",
      "resolved": "https://registry.npmjs.org/@most/scheduler/-/scheduler-1.1.0.tgz",
      "integrity": "sha512-Izd8CMmI35sQ2t0r++oBtcTbo3RiAqO7SlE4CRJxO+Mfs+1yK+HNoNROR24D3xTyhPSmEz/sdjaJ3lO9ONnmyQ==",
      "requires": {
        "@most/prelude": "1.7.0",
        "@most/types": "1.0.0"
      }
    },
    "@most/types": {
      "version": "1.0.0",
      "resolved": "https://registry.npmjs.org/@most/types/-/types-1.0.0.tgz",
      "integrity": "sha512-MsRdX7VaVimztvCRxQyGIIJm2649zWFmx94fcUoe3d0E2Yih/Xxt4V87Up2out4s8EJ/eESeKUzbWEksxCaQaw=="
    },
    "bs-platform": {
      "version": "2.1.0",
      "resolved": "https://registry.npmjs.org/bs-platform/-/bs-platform-2.1.0.tgz",
      "integrity": "sha1-Y1YP+PcULJwGMVWd8cNVkLn22LI=",
      "dev": true
    }
  }
}
